// !$*UTF8*$!
{
	archiveVersion = 1;
	classes = {
	};
	objectVersion = 50;
	objects = {

/* Begin PBXBuildFile section */
		4F372DD540FF40018FDE34A7 /* Pods_retail_demoTests.framework in Frameworks */ = {isa = PBXBuildFile; fileRef = A7B86C3827C2809ECE825969 /* Pods_retail_demoTests.framework */; };
		6D1D723F229800D1002FA00B /* AppDelegate.swift in Sources */ = {isa = PBXBuildFile; fileRef = 6D1D723E229800D1002FA00B /* AppDelegate.swift */; };
		6D1D7241229800D1002FA00B /* ViewController.swift in Sources */ = {isa = PBXBuildFile; fileRef = 6D1D7240229800D1002FA00B /* ViewController.swift */; };
		6D1D7244229800D1002FA00B /* Main.storyboard in Resources */ = {isa = PBXBuildFile; fileRef = 6D1D7242229800D1002FA00B /* Main.storyboard */; };
		6D1D7247229800D1002FA00B /* retail_demo.xcdatamodeld in Sources */ = {isa = PBXBuildFile; fileRef = 6D1D7245229800D1002FA00B /* retail_demo.xcdatamodeld */; };
		6D1D7249229800D3002FA00B /* Assets.xcassets in Resources */ = {isa = PBXBuildFile; fileRef = 6D1D7248229800D3002FA00B /* Assets.xcassets */; };
		6D1D724C229800D3002FA00B /* LaunchScreen.storyboard in Resources */ = {isa = PBXBuildFile; fileRef = 6D1D724A229800D3002FA00B /* LaunchScreen.storyboard */; };
		6D1D7257229800D3002FA00B /* retail_demoTests.swift in Sources */ = {isa = PBXBuildFile; fileRef = 6D1D7256229800D3002FA00B /* retail_demoTests.swift */; };
		73BBFB4AC84BE77E6FBBCA49 /* Pods_retail_demo.framework in Frameworks */ = {isa = PBXBuildFile; fileRef = B94926AF839E32BE23B1CF1C /* Pods_retail_demo.framework */; };
/* End PBXBuildFile section */

/* Begin PBXContainerItemProxy section */
		6D1D7253229800D3002FA00B /* PBXContainerItemProxy */ = {
			isa = PBXContainerItemProxy;
			containerPortal = 6D1D7233229800D1002FA00B /* Project object */;
			proxyType = 1;
			remoteGlobalIDString = 6D1D723A229800D1002FA00B;
			remoteInfo = "retail-demo";
		};
/* End PBXContainerItemProxy section */

/* Begin PBXFileReference section */
		3E862334C9AF7604BA0785E7 /* Pods-retail-demo.debug.xcconfig */ = {isa = PBXFileReference; includeInIndex = 1; lastKnownFileType = text.xcconfig; name = "Pods-retail-demo.debug.xcconfig"; path = "Target Support Files/Pods-retail-demo/Pods-retail-demo.debug.xcconfig"; sourceTree = "<group>"; };
		409934225AD547FDBD0B6F3D /* Pods-retail-demoTests.debug.xcconfig */ = {isa = PBXFileReference; includeInIndex = 1; lastKnownFileType = text.xcconfig; name = "Pods-retail-demoTests.debug.xcconfig"; path = "Target Support Files/Pods-retail-demoTests/Pods-retail-demoTests.debug.xcconfig"; sourceTree = "<group>"; };
		6D1D723B229800D1002FA00B /* retail-demo.app */ = {isa = PBXFileReference; explicitFileType = wrapper.application; includeInIndex = 0; path = "retail-demo.app"; sourceTree = BUILT_PRODUCTS_DIR; };
		6D1D723E229800D1002FA00B /* AppDelegate.swift */ = {isa = PBXFileReference; lastKnownFileType = sourcecode.swift; path = AppDelegate.swift; sourceTree = "<group>"; };
		6D1D7240229800D1002FA00B /* ViewController.swift */ = {isa = PBXFileReference; lastKnownFileType = sourcecode.swift; path = ViewController.swift; sourceTree = "<group>"; };
		6D1D7243229800D1002FA00B /* Base */ = {isa = PBXFileReference; lastKnownFileType = file.storyboard; name = Base; path = Base.lproj/Main.storyboard; sourceTree = "<group>"; };
		6D1D7246229800D1002FA00B /* retail_demo.xcdatamodel */ = {isa = PBXFileReference; lastKnownFileType = wrapper.xcdatamodel; path = retail_demo.xcdatamodel; sourceTree = "<group>"; };
		6D1D7248229800D3002FA00B /* Assets.xcassets */ = {isa = PBXFileReference; lastKnownFileType = folder.assetcatalog; path = Assets.xcassets; sourceTree = "<group>"; };
		6D1D724B229800D3002FA00B /* Base */ = {isa = PBXFileReference; lastKnownFileType = file.storyboard; name = Base; path = Base.lproj/LaunchScreen.storyboard; sourceTree = "<group>"; };
		6D1D724D229800D3002FA00B /* Info.plist */ = {isa = PBXFileReference; lastKnownFileType = text.plist.xml; path = Info.plist; sourceTree = "<group>"; };
		6D1D7252229800D3002FA00B /* retail-demoTests.xctest */ = {isa = PBXFileReference; explicitFileType = wrapper.cfbundle; includeInIndex = 0; path = "retail-demoTests.xctest"; sourceTree = BUILT_PRODUCTS_DIR; };
		6D1D7256229800D3002FA00B /* retail_demoTests.swift */ = {isa = PBXFileReference; lastKnownFileType = sourcecode.swift; path = retail_demoTests.swift; sourceTree = "<group>"; };
		6D1D7258229800D3002FA00B /* Info.plist */ = {isa = PBXFileReference; lastKnownFileType = text.plist.xml; path = Info.plist; sourceTree = "<group>"; };
		7F17FBDA66AE1FE8EEB144B7 /* Pods-retail-demoTests.release.xcconfig */ = {isa = PBXFileReference; includeInIndex = 1; lastKnownFileType = text.xcconfig; name = "Pods-retail-demoTests.release.xcconfig"; path = "Target Support Files/Pods-retail-demoTests/Pods-retail-demoTests.release.xcconfig"; sourceTree = "<group>"; };
		9AD157FBED41B011AE2C9054 /* Pods-retail-demo.release.xcconfig */ = {isa = PBXFileReference; includeInIndex = 1; lastKnownFileType = text.xcconfig; name = "Pods-retail-demo.release.xcconfig"; path = "Target Support Files/Pods-retail-demo/Pods-retail-demo.release.xcconfig"; sourceTree = "<group>"; };
		A7B86C3827C2809ECE825969 /* Pods_retail_demoTests.framework */ = {isa = PBXFileReference; explicitFileType = wrapper.framework; includeInIndex = 0; path = Pods_retail_demoTests.framework; sourceTree = BUILT_PRODUCTS_DIR; };
		B94926AF839E32BE23B1CF1C /* Pods_retail_demo.framework */ = {isa = PBXFileReference; explicitFileType = wrapper.framework; includeInIndex = 0; path = Pods_retail_demo.framework; sourceTree = BUILT_PRODUCTS_DIR; };
/* End PBXFileReference section */

/* Begin PBXFrameworksBuildPhase section */
		6D1D7238229800D1002FA00B /* Frameworks */ = {
			isa = PBXFrameworksBuildPhase;
			buildActionMask = 2147483647;
			files = (
				73BBFB4AC84BE77E6FBBCA49 /* Pods_retail_demo.framework in Frameworks */,
			);
			runOnlyForDeploymentPostprocessing = 0;
		};
		6D1D724F229800D3002FA00B /* Frameworks */ = {
			isa = PBXFrameworksBuildPhase;
			buildActionMask = 2147483647;
			files = (
				4F372DD540FF40018FDE34A7 /* Pods_retail_demoTests.framework in Frameworks */,
			);
			runOnlyForDeploymentPostprocessing = 0;
		};
/* End PBXFrameworksBuildPhase section */

/* Begin PBXGroup section */
		1CC19A46131A5B9B46746946 /* Pods */ = {
			isa = PBXGroup;
			children = (
				3E862334C9AF7604BA0785E7 /* Pods-retail-demo.debug.xcconfig */,
				9AD157FBED41B011AE2C9054 /* Pods-retail-demo.release.xcconfig */,
				409934225AD547FDBD0B6F3D /* Pods-retail-demoTests.debug.xcconfig */,
				7F17FBDA66AE1FE8EEB144B7 /* Pods-retail-demoTests.release.xcconfig */,
			);
			path = Pods;
			sourceTree = "<group>";
		};
		6D1D7232229800D1002FA00B = {
			isa = PBXGroup;
			children = (
				6D1D723D229800D1002FA00B /* retail-demo */,
				6D1D7255229800D3002FA00B /* retail-demoTests */,
				6D1D723C229800D1002FA00B /* Products */,
				1CC19A46131A5B9B46746946 /* Pods */,
				C4DB6AFEA0A715BA0994B469 /* Frameworks */,
			);
			sourceTree = "<group>";
		};
		6D1D723C229800D1002FA00B /* Products */ = {
			isa = PBXGroup;
			children = (
				6D1D723B229800D1002FA00B /* retail-demo.app */,
				6D1D7252229800D3002FA00B /* retail-demoTests.xctest */,
			);
			name = Products;
			sourceTree = "<group>";
		};
		6D1D723D229800D1002FA00B /* retail-demo */ = {
			isa = PBXGroup;
			children = (
				6D1D723E229800D1002FA00B /* AppDelegate.swift */,
				6D1D7240229800D1002FA00B /* ViewController.swift */,
				6D1D7242229800D1002FA00B /* Main.storyboard */,
				6D1D7248229800D3002FA00B /* Assets.xcassets */,
				6D1D724A229800D3002FA00B /* LaunchScreen.storyboard */,
				6D1D724D229800D3002FA00B /* Info.plist */,
				6D1D7245229800D1002FA00B /* retail_demo.xcdatamodeld */,
			);
			path = "retail-demo";
			sourceTree = "<group>";
		};
		6D1D7255229800D3002FA00B /* retail-demoTests */ = {
			isa = PBXGroup;
			children = (
				6D1D7256229800D3002FA00B /* retail_demoTests.swift */,
				6D1D7258229800D3002FA00B /* Info.plist */,
			);
			path = "retail-demoTests";
			sourceTree = "<group>";
		};
		C4DB6AFEA0A715BA0994B469 /* Frameworks */ = {
			isa = PBXGroup;
			children = (
				B94926AF839E32BE23B1CF1C /* Pods_retail_demo.framework */,
				A7B86C3827C2809ECE825969 /* Pods_retail_demoTests.framework */,
			);
			name = Frameworks;
			sourceTree = "<group>";
		};
/* End PBXGroup section */

/* Begin PBXNativeTarget section */
		6D1D723A229800D1002FA00B /* retail-demo */ = {
			isa = PBXNativeTarget;
			buildConfigurationList = 6D1D725B229800D3002FA00B /* Build configuration list for PBXNativeTarget "retail-demo" */;
			buildPhases = (
				713738306E8C174F6D93E19D /* [CP] Check Pods Manifest.lock */,
				6D1D7237229800D1002FA00B /* Sources */,
				6D1D7238229800D1002FA00B /* Frameworks */,
				6D1D7239229800D1002FA00B /* Resources */,
				209DCEB96C7CF028E9996F71 /* [CP] Embed Pods Frameworks */,
			);
			buildRules = (
			);
			dependencies = (
			);
			name = "retail-demo";
			productName = "retail-demo";
			productReference = 6D1D723B229800D1002FA00B /* retail-demo.app */;
			productType = "com.apple.product-type.application";
		};
		6D1D7251229800D3002FA00B /* retail-demoTests */ = {
			isa = PBXNativeTarget;
			buildConfigurationList = 6D1D725E229800D3002FA00B /* Build configuration list for PBXNativeTarget "retail-demoTests" */;
			buildPhases = (
				DB371D7CB7413BE50D3D1ECF /* [CP] Check Pods Manifest.lock */,
				6D1D724E229800D3002FA00B /* Sources */,
				6D1D724F229800D3002FA00B /* Frameworks */,
				6D1D7250229800D3002FA00B /* Resources */,
			);
			buildRules = (
			);
			dependencies = (
				6D1D7254229800D3002FA00B /* PBXTargetDependency */,
			);
			name = "retail-demoTests";
			productName = "retail-demoTests";
			productReference = 6D1D7252229800D3002FA00B /* retail-demoTests.xctest */;
			productType = "com.apple.product-type.bundle.unit-test";
		};
/* End PBXNativeTarget section */

/* Begin PBXProject section */
		6D1D7233229800D1002FA00B /* Project object */ = {
			isa = PBXProject;
			attributes = {
				LastSwiftUpdateCheck = 1020;
				LastUpgradeCheck = 1020;
				ORGANIZATIONNAME = "mahadev gaonkar";
				TargetAttributes = {
					6D1D723A229800D1002FA00B = {
						CreatedOnToolsVersion = 10.2.1;
					};
					6D1D7251229800D3002FA00B = {
						CreatedOnToolsVersion = 10.2.1;
						TestTargetID = 6D1D723A229800D1002FA00B;
					};
				};
			};
			buildConfigurationList = 6D1D7236229800D1002FA00B /* Build configuration list for PBXProject "retail-demo" */;
			compatibilityVersion = "Xcode 9.3";
			developmentRegion = en;
			hasScannedForEncodings = 0;
			knownRegions = (
				en,
				Base,
			);
			mainGroup = 6D1D7232229800D1002FA00B;
			productRefGroup = 6D1D723C229800D1002FA00B /* Products */;
			projectDirPath = "";
			projectRoot = "";
			targets = (
				6D1D723A229800D1002FA00B /* retail-demo */,
				6D1D7251229800D3002FA00B /* retail-demoTests */,
			);
		};
/* End PBXProject section */

/* Begin PBXResourcesBuildPhase section */
		6D1D7239229800D1002FA00B /* Resources */ = {
			isa = PBXResourcesBuildPhase;
			buildActionMask = 2147483647;
			files = (
				6D1D724C229800D3002FA00B /* LaunchScreen.storyboard in Resources */,
				6D1D7249229800D3002FA00B /* Assets.xcassets in Resources */,
				6D1D7244229800D1002FA00B /* Main.storyboard in Resources */,
			);
			runOnlyForDeploymentPostprocessing = 0;
		};
		6D1D7250229800D3002FA00B /* Resources */ = {
			isa = PBXResourcesBuildPhase;
			buildActionMask = 2147483647;
			files = (
			);
			runOnlyForDeploymentPostprocessing = 0;
		};
/* End PBXResourcesBuildPhase section */

/* Begin PBXShellScriptBuildPhase section */
		209DCEB96C7CF028E9996F71 /* [CP] Embed Pods Frameworks */ = {
			isa = PBXShellScriptBuildPhase;
			buildActionMask = 2147483647;
			files = (
			);
			inputFileListPaths = (
			);
			inputPaths = (
				"${PODS_ROOT}/Target Support Files/Pods-retail-demo/Pods-retail-demo-frameworks.sh",
				"${BUILT_PRODUCTS_DIR}/ApiAI/ApiAI.framework",
				"${PODS_ROOT}/MeridianSDK/Meridian.framework",
			);
			name = "[CP] Embed Pods Frameworks";
			outputFileListPaths = (
			);
			outputPaths = (
				"${TARGET_BUILD_DIR}/${FRAMEWORKS_FOLDER_PATH}/ApiAI.framework",
				"${TARGET_BUILD_DIR}/${FRAMEWORKS_FOLDER_PATH}/Meridian.framework",
			);
			runOnlyForDeploymentPostprocessing = 0;
			shellPath = /bin/sh;
			shellScript = "\"${PODS_ROOT}/Target Support Files/Pods-retail-demo/Pods-retail-demo-frameworks.sh\"\n";
			showEnvVarsInLog = 0;
		};
		713738306E8C174F6D93E19D /* [CP] Check Pods Manifest.lock */ = {
			isa = PBXShellScriptBuildPhase;
			buildActionMask = 2147483647;
			files = (
			);
			inputFileListPaths = (
			);
			inputPaths = (
				"${PODS_PODFILE_DIR_PATH}/Podfile.lock",
				"${PODS_ROOT}/Manifest.lock",
			);
			name = "[CP] Check Pods Manifest.lock";
			outputFileListPaths = (
			);
			outputPaths = (
				"$(DERIVED_FILE_DIR)/Pods-retail-demo-checkManifestLockResult.txt",
			);
			runOnlyForDeploymentPostprocessing = 0;
			shellPath = /bin/sh;
			shellScript = "diff \"${PODS_PODFILE_DIR_PATH}/Podfile.lock\" \"${PODS_ROOT}/Manifest.lock\" > /dev/null\nif [ $? != 0 ] ; then\n    # print error to STDERR\n    echo \"error: The sandbox is not in sync with the Podfile.lock. Run 'pod install' or update your CocoaPods installation.\" >&2\n    exit 1\nfi\n# This output is used by Xcode 'outputs' to avoid re-running this script phase.\necho \"SUCCESS\" > \"${SCRIPT_OUTPUT_FILE_0}\"\n";
			showEnvVarsInLog = 0;
		};
		DB371D7CB7413BE50D3D1ECF /* [CP] Check Pods Manifest.lock */ = {
			isa = PBXShellScriptBuildPhase;
			buildActionMask = 2147483647;
			files = (
			);
			inputFileListPaths = (
			);
			inputPaths = (
				"${PODS_PODFILE_DIR_PATH}/Podfile.lock",
				"${PODS_ROOT}/Manifest.lock",
			);
			name = "[CP] Check Pods Manifest.lock";
			outputFileListPaths = (
			);
			outputPaths = (
				"$(DERIVED_FILE_DIR)/Pods-retail-demoTests-checkManifestLockResult.txt",
			);
			runOnlyForDeploymentPostprocessing = 0;
			shellPath = /bin/sh;
			shellScript = "diff \"${PODS_PODFILE_DIR_PATH}/Podfile.lock\" \"${PODS_ROOT}/Manifest.lock\" > /dev/null\nif [ $? != 0 ] ; then\n    # print error to STDERR\n    echo \"error: The sandbox is not in sync with the Podfile.lock. Run 'pod install' or update your CocoaPods installation.\" >&2\n    exit 1\nfi\n# This output is used by Xcode 'outputs' to avoid re-running this script phase.\necho \"SUCCESS\" > \"${SCRIPT_OUTPUT_FILE_0}\"\n";
			showEnvVarsInLog = 0;
		};
/* End PBXShellScriptBuildPhase section */

/* Begin PBXSourcesBuildPhase section */
		6D1D7237229800D1002FA00B /* Sources */ = {
			isa = PBXSourcesBuildPhase;
			buildActionMask = 2147483647;
			files = (
				6D1D7247229800D1002FA00B /* retail_demo.xcdatamodeld in Sources */,
				6D1D7241229800D1002FA00B /* ViewController.swift in Sources */,
				6D1D723F229800D1002FA00B /* AppDelegate.swift in Sources */,
			);
			runOnlyForDeploymentPostprocessing = 0;
		};
		6D1D724E229800D3002FA00B /* Sources */ = {
			isa = PBXSourcesBuildPhase;
			buildActionMask = 2147483647;
			files = (
				6D1D7257229800D3002FA00B /* retail_demoTests.swift in Sources */,
			);
			runOnlyForDeploymentPostprocessing = 0;
		};
/* End PBXSourcesBuildPhase section */

/* Begin PBXTargetDependency section */
		6D1D7254229800D3002FA00B /* PBXTargetDependency */ = {
			isa = PBXTargetDependency;
			target = 6D1D723A229800D1002FA00B /* retail-demo */;
			targetProxy = 6D1D7253229800D3002FA00B /* PBXContainerItemProxy */;
		};
/* End PBXTargetDependency section */

/* Begin PBXVariantGroup section */
		6D1D7242229800D1002FA00B /* Main.storyboard */ = {
			isa = PBXVariantGroup;
			children = (
				6D1D7243229800D1002FA00B /* Base */,
			);
			name = Main.storyboard;
			sourceTree = "<group>";
		};
		6D1D724A229800D3002FA00B /* LaunchScreen.storyboard */ = {
			isa = PBXVariantGroup;
			children = (
				6D1D724B229800D3002FA00B /* Base */,
			);
			name = LaunchScreen.storyboard;
			sourceTree = "<group>";
		};
/* End PBXVariantGroup section */

/* Begin XCBuildConfiguration section */
		6D1D7259229800D3002FA00B /* Debug */ = {
			isa = XCBuildConfiguration;
			buildSettings = {
				ALWAYS_SEARCH_USER_PATHS = NO;
				CLANG_ANALYZER_NONNULL = YES;
				CLANG_ANALYZER_NUMBER_OBJECT_CONVERSION = YES_AGGRESSIVE;
				CLANG_CXX_LANGUAGE_STANDARD = "gnu++14";
				CLANG_CXX_LIBRARY = "libc++";
				CLANG_ENABLE_MODULES = YES;
				CLANG_ENABLE_OBJC_ARC = YES;
				CLANG_ENABLE_OBJC_WEAK = YES;
				CLANG_WARN_BLOCK_CAPTURE_AUTORELEASING = YES;
				CLANG_WARN_BOOL_CONVERSION = YES;
				CLANG_WARN_COMMA = YES;
				CLANG_WARN_CONSTANT_CONVERSION = YES;
				CLANG_WARN_DEPRECATED_OBJC_IMPLEMENTATIONS = YES;
				CLANG_WARN_DIRECT_OBJC_ISA_USAGE = YES_ERROR;
				CLANG_WARN_DOCUMENTATION_COMMENTS = YES;
				CLANG_WARN_EMPTY_BODY = YES;
				CLANG_WARN_ENUM_CONVERSION = YES;
				CLANG_WARN_INFINITE_RECURSION = YES;
				CLANG_WARN_INT_CONVERSION = YES;
				CLANG_WARN_NON_LITERAL_NULL_CONVERSION = YES;
				CLANG_WARN_OBJC_IMPLICIT_RETAIN_SELF = YES;
				CLANG_WARN_OBJC_LITERAL_CONVERSION = YES;
				CLANG_WARN_OBJC_ROOT_CLASS = YES_ERROR;
				CLANG_WARN_RANGE_LOOP_ANALYSIS = YES;
				CLANG_WARN_STRICT_PROTOTYPES = YES;
				CLANG_WARN_SUSPICIOUS_MOVE = YES;
				CLANG_WARN_UNGUARDED_AVAILABILITY = YES_AGGRESSIVE;
				CLANG_WARN_UNREACHABLE_CODE = YES;
				CLANG_WARN__DUPLICATE_METHOD_MATCH = YES;
				CODE_SIGN_IDENTITY = "iPhone Developer";
				COPY_PHASE_STRIP = NO;
				DEBUG_INFORMATION_FORMAT = dwarf;
				ENABLE_STRICT_OBJC_MSGSEND = YES;
				ENABLE_TESTABILITY = YES;
				GCC_C_LANGUAGE_STANDARD = gnu11;
				GCC_DYNAMIC_NO_PIC = NO;
				GCC_NO_COMMON_BLOCKS = YES;
				GCC_OPTIMIZATION_LEVEL = 0;
				GCC_PREPROCESSOR_DEFINITIONS = (
					"DEBUG=1",
					"$(inherited)",
				);
				GCC_WARN_64_TO_32_BIT_CONVERSION = YES;
				GCC_WARN_ABOUT_RETURN_TYPE = YES_ERROR;
				GCC_WARN_UNDECLARED_SELECTOR = YES;
				GCC_WARN_UNINITIALIZED_AUTOS = YES_AGGRESSIVE;
				GCC_WARN_UNUSED_FUNCTION = YES;
				GCC_WARN_UNUSED_VARIABLE = YES;
				IPHONEOS_DEPLOYMENT_TARGET = 12.2;
				MTL_ENABLE_DEBUG_INFO = INCLUDE_SOURCE;
				MTL_FAST_MATH = YES;
				ONLY_ACTIVE_ARCH = YES;
				SDKROOT = iphoneos;
				SWIFT_ACTIVE_COMPILATION_CONDITIONS = DEBUG;
				SWIFT_OPTIMIZATION_LEVEL = "-Onone";
			};
			name = Debug;
		};
		6D1D725A229800D3002FA00B /* Release */ = {
			isa = XCBuildConfiguration;
			buildSettings = {
				ALWAYS_SEARCH_USER_PATHS = NO;
				CLANG_ANALYZER_NONNULL = YES;
				CLANG_ANALYZER_NUMBER_OBJECT_CONVERSION = YES_AGGRESSIVE;
				CLANG_CXX_LANGUAGE_STANDARD = "gnu++14";
				CLANG_CXX_LIBRARY = "libc++";
				CLANG_ENABLE_MODULES = YES;
				CLANG_ENABLE_OBJC_ARC = YES;
				CLANG_ENABLE_OBJC_WEAK = YES;
				CLANG_WARN_BLOCK_CAPTURE_AUTORELEASING = YES;
				CLANG_WARN_BOOL_CONVERSION = YES;
				CLANG_WARN_COMMA = YES;
				CLANG_WARN_CONSTANT_CONVERSION = YES;
				CLANG_WARN_DEPRECATED_OBJC_IMPLEMENTATIONS = YES;
				CLANG_WARN_DIRECT_OBJC_ISA_USAGE = YES_ERROR;
				CLANG_WARN_DOCUMENTATION_COMMENTS = YES;
				CLANG_WARN_EMPTY_BODY = YES;
				CLANG_WARN_ENUM_CONVERSION = YES;
				CLANG_WARN_INFINITE_RECURSION = YES;
				CLANG_WARN_INT_CONVERSION = YES;
				CLANG_WARN_NON_LITERAL_NULL_CONVERSION = YES;
				CLANG_WARN_OBJC_IMPLICIT_RETAIN_SELF = YES;
				CLANG_WARN_OBJC_LITERAL_CONVERSION = YES;
				CLANG_WARN_OBJC_ROOT_CLASS = YES_ERROR;
				CLANG_WARN_RANGE_LOOP_ANALYSIS = YES;
				CLANG_WARN_STRICT_PROTOTYPES = YES;
				CLANG_WARN_SUSPICIOUS_MOVE = YES;
				CLANG_WARN_UNGUARDED_AVAILABILITY = YES_AGGRESSIVE;
				CLANG_WARN_UNREACHABLE_CODE = YES;
				CLANG_WARN__DUPLICATE_METHOD_MATCH = YES;
				CODE_SIGN_IDENTITY = "iPhone Developer";
				COPY_PHASE_STRIP = NO;
				DEBUG_INFORMATION_FORMAT = "dwarf-with-dsym";
				ENABLE_NS_ASSERTIONS = NO;
				ENABLE_STRICT_OBJC_MSGSEND = YES;
				GCC_C_LANGUAGE_STANDARD = gnu11;
				GCC_NO_COMMON_BLOCKS = YES;
				GCC_WARN_64_TO_32_BIT_CONVERSION = YES;
				GCC_WARN_ABOUT_RETURN_TYPE = YES_ERROR;
				GCC_WARN_UNDECLARED_SELECTOR = YES;
				GCC_WARN_UNINITIALIZED_AUTOS = YES_AGGRESSIVE;
				GCC_WARN_UNUSED_FUNCTION = YES;
				GCC_WARN_UNUSED_VARIABLE = YES;
				IPHONEOS_DEPLOYMENT_TARGET = 12.2;
				MTL_ENABLE_DEBUG_INFO = NO;
				MTL_FAST_MATH = YES;
				SDKROOT = iphoneos;
				SWIFT_COMPILATION_MODE = wholemodule;
				SWIFT_OPTIMIZATION_LEVEL = "-O";
				VALIDATE_PRODUCT = YES;
			};
			name = Release;
		};
		6D1D725C229800D3002FA00B /* Debug */ = {
			isa = XCBuildConfiguration;
			baseConfigurationReference = 3E862334C9AF7604BA0785E7 /* Pods-retail-demo.debug.xcconfig */;
			buildSettings = {
				ASSETCATALOG_COMPILER_APPICON_NAME = AppIcon;
				CODE_SIGN_STYLE = Automatic;
				DEVELOPMENT_TEAM = 8DXANRED7S;
				INFOPLIST_FILE = "retail-demo/Info.plist";
				LD_RUNPATH_SEARCH_PATHS = (
					"$(inherited)",
					"@executable_path/Frameworks",
				);
				PRODUCT_BUNDLE_IDENTIFIER = "com.mgaonkar.retail-demo";
				PRODUCT_NAME = "$(TARGET_NAME)";
				SWIFT_VERSION = 5.0;
				TARGETED_DEVICE_FAMILY = "1,2";
			};
			name = Debug;
		};
		6D1D725D229800D3002FA00B /* Release */ = {
			isa = XCBuildConfiguration;
			baseConfigurationReference = 9AD157FBED41B011AE2C9054 /* Pods-retail-demo.release.xcconfig */;
			buildSettings = {
				ASSETCATALOG_COMPILER_APPICON_NAME = AppIcon;
				CODE_SIGN_STYLE = Automatic;
				DEVELOPMENT_TEAM = 8DXANRED7S;
				INFOPLIST_FILE = "retail-demo/Info.plist";
				LD_RUNPATH_SEARCH_PATHS = (
					"$(inherited)",
					"@executable_path/Frameworks",
				);
				PRODUCT_BUNDLE_IDENTIFIER = "com.mgaonkar.retail-demo";
				PRODUCT_NAME = "$(TARGET_NAME)";
				SWIFT_VERSION = 5.0;
				TARGETED_DEVICE_FAMILY = "1,2";
			};
			name = Release;
		};
		6D1D725F229800D3002FA00B /* Debug */ = {
			isa = XCBuildConfiguration;
			baseConfigurationReference = 409934225AD547FDBD0B6F3D /* Pods-retail-demoTests.debug.xcconfig */;
			buildSettings = {
				ALWAYS_EMBED_SWIFT_STANDARD_LIBRARIES = YES;
				BUNDLE_LOADER = "$(TEST_HOST)";
				CODE_SIGN_STYLE = Automatic;
				DEVELOPMENT_TEAM = 8DXANRED7S;
				INFOPLIST_FILE = "retail-demoTests/Info.plist";
				LD_RUNPATH_SEARCH_PATHS = (
					"$(inherited)",
					"@executable_path/Frameworks",
					"@loader_path/Frameworks",
				);
				PRODUCT_BUNDLE_IDENTIFIER = "com.mgaonkar.retail-demoTests";
				PRODUCT_NAME = "$(TARGET_NAME)";
				SWIFT_VERSION = 5.0;
				TARGETED_DEVICE_FAMILY = "1,2";
				TEST_HOST = "$(BUILT_PRODUCTS_DIR)/retail-demo.app/retail-demo";
			};
			name = Debug;
		};
		6D1D7260229800D3002FA00B /* Release */ = {
			isa = XCBuildConfiguration;
			baseConfigurationReference = 7F17FBDA66AE1FE8EEB144B7 /* Pods-retail-demoTests.release.xcconfig */;
			buildSettings = {
				ALWAYS_EMBED_SWIFT_STANDARD_LIBRARIES = YES;
				BUNDLE_LOADER = "$(TEST_HOST)";
				CODE_SIGN_STYLE = Automatic;
				DEVELOPMENT_TEAM = 8DXANRED7S;
				INFOPLIST_FILE = "retail-demoTests/Info.plist";
				LD_RUNPATH_SEARCH_PATHS = (
					"$(inherited)",
					"@executable_path/Frameworks",
					"@loader_path/Frameworks",
				);
				PRODUCT_BUNDLE_IDENTIFIER = "com.mgaonkar.retail-demoTests";
				PRODUCT_NAME = "$(TARGET_NAME)";
				SWIFT_VERSION = 5.0;
				TARGETED_DEVICE_FAMILY = "1,2";
				TEST_HOST = "$(BUILT_PRODUCTS_DIR)/retail-demo.app/retail-demo";
			};
			name = Release;
		};
/* End XCBuildConfiguration section */

/* Begin XCConfigurationList section */
		6D1D7236229800D1002FA00B /* Build configuration list for PBXProject "retail-demo" */ = {
			isa = XCConfigurationList;
			buildConfigurations = (
				6D1D7259229800D3002FA00B /* Debug */,
				6D1D725A229800D3002FA00B /* Release */,
			);
			defaultConfigurationIsVisible = 0;
			defaultConfigurationName = Release;
		};
		6D1D725B229800D3002FA00B /* Build configuration list for PBXNativeTarget "retail-demo" */ = {
			isa = XCConfigurationList;
			buildConfigurations = (
				6D1D725C229800D3002FA00B /* Debug */,
				6D1D725D229800D3002FA00B /* Release */,
			);
			defaultConfigurationIsVisible = 0;
			defaultConfigurationName = Release;
		};
		6D1D725E229800D3002FA00B /* Build configuration list for PBXNativeTarget "retail-demoTests" */ = {
			isa = XCConfigurationList;
			buildConfigurations = (
				6D1D725F229800D3002FA00B /* Debug */,
				6D1D7260229800D3002FA00B /* Release */,
			);
			defaultConfigurationIsVisible = 0;
			defaultConfigurationName = Release;
		};
/* End XCConfigurationList section */

/* Begin XCVersionGroup section */
		6D1D7245229800D1002FA00B /* retail_demo.xcdatamodeld */ = {
			isa = XCVersionGroup;
			children = (
				6D1D7246229800D1002FA00B /* retail_demo.xcdatamodel */,
			);
			currentVersion = 6D1D7246229800D1002FA00B /* retail_demo.xcdatamodel */;
			path = retail_demo.xcdatamodeld;
			sourceTree = "<group>";
			versionGroupType = wrapper.xcdatamodel;
		};
/* End XCVersionGroup section */
	};
	rootObject = 6D1D7233229800D1002FA00B /* Project object */;
}
